
Microsoft Visual Studio Solution File, Format Version 12.00
# Visual Studio 14
VisualStudioVersion = 14.0.25420.1
MinimumVisualStudioVersion = 10.0.40219.1
Project("{FAE04EC0-301F-11D3-BF4B-00C04F79EFBC}") = "MobileTemplate.Core", "Source\MobileTemplate.Core\MobileTemplate.Core.csproj", "{A7439E6B-2866-48F4-A696-85CC20A99F9E}"
EndProject
Project("{FAE04EC0-301F-11D3-BF4B-00C04F79EFBC}") = "MobileTemplate.Droid", "Source\MobileTemplate.Droid\MobileTemplate.Droid.csproj", "{0C5CF1B3-1F8E-4EDD-AF0C-5D9DB6497A94}"
EndProject
Project("{FAE04EC0-301F-11D3-BF4B-00C04F79EFBC}") = "MobileTemplate.iOS", "Source\MobileTemplate.iOS\MobileTemplate.iOS.csproj", "{388060D8-CFA7-49C4-8DAB-FAA853603F7C}"
EndProject
Project("{FAE04EC0-301F-11D3-BF4B-00C04F79EFBC}") = "MobileTemplate.iOS.Test", "Source\MobileTemplate.iOS.Test\MobileTemplate.iOS.Test.csproj", "{390D0A01-D55A-42EA-8513-A19C78AC524E}"
EndProject
Project("{FAE04EC0-301F-11D3-BF4B-00C04F79EFBC}") = "MobileTemplate.Droid.Test", "Source\MobileTemplate.Droid.Test\MobileTemplate.Droid.Test.csproj", "{9C9D2097-B3CC-411F-B123-B9321607AEC2}"
EndProject
Project("{FAE04EC0-301F-11D3-BF4B-00C04F79EFBC}") = "MobileTemplate.Core.Test", "Source\MobileTemplate.Core.Test\MobileTemplate.Core.Test.csproj", "{EB9FB050-491F-4BCF-81BC-3B7615286EBA}"
EndProject
Global
	GlobalSection(SolutionConfigurationPlatforms) = preSolution
		Ad-Hoc|Any CPU = Ad-Hoc|Any CPU
		Ad-Hoc|ARM = Ad-Hoc|ARM
		Ad-Hoc|Core = Ad-Hoc|Core
		Ad-Hoc|iPhone = Ad-Hoc|iPhone
		Ad-Hoc|iPhoneSimulator = Ad-Hoc|iPhoneSimulator
		Ad-Hoc|x64 = Ad-Hoc|x64
		Ad-Hoc|x86 = Ad-Hoc|x86
		AppStore|Any CPU = AppStore|Any CPU
		AppStore|ARM = AppStore|ARM
		AppStore|Core = AppStore|Core
		AppStore|iPhone = AppStore|iPhone
		AppStore|iPhoneSimulator = AppStore|iPhoneSimulator
		AppStore|x64 = AppStore|x64
		AppStore|x86 = AppStore|x86
		Debug|Any CPU = Debug|Any CPU
		Debug|ARM = Debug|ARM
		Debug|Core = Debug|Core
		Debug|iPhone = Debug|iPhone
		Debug|iPhoneSimulator = Debug|iPhoneSimulator
		Debug|x64 = Debug|x64
		Debug|x86 = Debug|x86
		Release|Any CPU = Release|Any CPU
		Release|ARM = Release|ARM
		Release|Core = Release|Core
		Release|iPhone = Release|iPhone
		Release|iPhoneSimulator = Release|iPhoneSimulator
		Release|x64 = Release|x64
		Release|x86 = Release|x86
	EndGlobalSection
	GlobalSection(ProjectConfigurationPlatforms) = postSolution
		{A7439E6B-2866-48F4-A696-85CC20A99F9E}.Ad-Hoc|Any CPU.ActiveCfg = Release|Any CPU
		{A7439E6B-2866-48F4-A696-85CC20A99F9E}.Ad-Hoc|Any CPU.Build.0 = Release|Any CPU
		{A7439E6B-2866-48F4-A696-85CC20A99F9E}.Ad-Hoc|ARM.ActiveCfg = Release|Any CPU
		{A7439E6B-2866-48F4-A696-85CC20A99F9E}.Ad-Hoc|ARM.Build.0 = Release|Any CPU
		{A7439E6B-2866-48F4-A696-85CC20A99F9E}.Ad-Hoc|Core.ActiveCfg = Release|Any CPU
		{A7439E6B-2866-48F4-A696-85CC20A99F9E}.Ad-Hoc|Core.Build.0 = Release|Any CPU
		{A7439E6B-2866-48F4-A696-85CC20A99F9E}.Ad-Hoc|iPhone.ActiveCfg = Release|Any CPU
		{A7439E6B-2866-48F4-A696-85CC20A99F9E}.Ad-Hoc|iPhone.Build.0 = Release|Any CPU
		{A7439E6B-2866-48F4-A696-85CC20A99F9E}.Ad-Hoc|iPhoneSimulator.ActiveCfg = Release|Any CPU
		{A7439E6B-2866-48F4-A696-85CC20A99F9E}.Ad-Hoc|iPhoneSimulator.Build.0 = Release|Any CPU
		{A7439E6B-2866-48F4-A696-85CC20A99F9E}.Ad-Hoc|x64.ActiveCfg = Release|Any CPU
		{A7439E6B-2866-48F4-A696-85CC20A99F9E}.Ad-Hoc|x64.Build.0 = Release|Any CPU
		{A7439E6B-2866-48F4-A696-85CC20A99F9E}.Ad-Hoc|x86.ActiveCfg = Release|Any CPU
		{A7439E6B-2866-48F4-A696-85CC20A99F9E}.Ad-Hoc|x86.Build.0 = Release|Any CPU
		{A7439E6B-2866-48F4-A696-85CC20A99F9E}.AppStore|Any CPU.ActiveCfg = Release|Any CPU
		{A7439E6B-2866-48F4-A696-85CC20A99F9E}.AppStore|Any CPU.Build.0 = Release|Any CPU
		{A7439E6B-2866-48F4-A696-85CC20A99F9E}.AppStore|ARM.ActiveCfg = Release|Any CPU
		{A7439E6B-2866-48F4-A696-85CC20A99F9E}.AppStore|ARM.Build.0 = Release|Any CPU
		{A7439E6B-2866-48F4-A696-85CC20A99F9E}.AppStore|Core.ActiveCfg = Release|Any CPU
		{A7439E6B-2866-48F4-A696-85CC20A99F9E}.AppStore|Core.Build.0 = Release|Any CPU
		{A7439E6B-2866-48F4-A696-85CC20A99F9E}.AppStore|iPhone.ActiveCfg = Release|Any CPU
		{A7439E6B-2866-48F4-A696-85CC20A99F9E}.AppStore|iPhone.Build.0 = Release|Any CPU
		{A7439E6B-2866-48F4-A696-85CC20A99F9E}.AppStore|iPhoneSimulator.ActiveCfg = Release|Any CPU
		{A7439E6B-2866-48F4-A696-85CC20A99F9E}.AppStore|iPhoneSimulator.Build.0 = Release|Any CPU
		{A7439E6B-2866-48F4-A696-85CC20A99F9E}.AppStore|x64.ActiveCfg = Release|Any CPU
		{A7439E6B-2866-48F4-A696-85CC20A99F9E}.AppStore|x64.Build.0 = Release|Any CPU
		{A7439E6B-2866-48F4-A696-85CC20A99F9E}.AppStore|x86.ActiveCfg = Release|Any CPU
		{A7439E6B-2866-48F4-A696-85CC20A99F9E}.AppStore|x86.Build.0 = Release|Any CPU
		{A7439E6B-2866-48F4-A696-85CC20A99F9E}.Debug|Any CPU.ActiveCfg = Debug|Any CPU
		{A7439E6B-2866-48F4-A696-85CC20A99F9E}.Debug|Any CPU.Build.0 = Debug|Any CPU
		{A7439E6B-2866-48F4-A696-85CC20A99F9E}.Debug|ARM.ActiveCfg = Debug|Any CPU
		{A7439E6B-2866-48F4-A696-85CC20A99F9E}.Debug|ARM.Build.0 = Debug|Any CPU
		{A7439E6B-2866-48F4-A696-85CC20A99F9E}.Debug|Core.ActiveCfg = Debug|Any CPU
		{A7439E6B-2866-48F4-A696-85CC20A99F9E}.Debug|Core.Build.0 = Debug|Any CPU
		{A7439E6B-2866-48F4-A696-85CC20A99F9E}.Debug|iPhone.ActiveCfg = Debug|Any CPU
		{A7439E6B-2866-48F4-A696-85CC20A99F9E}.Debug|iPhone.Build.0 = Debug|Any CPU
		{A7439E6B-2866-48F4-A696-85CC20A99F9E}.Debug|iPhoneSimulator.ActiveCfg = Debug|Any CPU
		{A7439E6B-2866-48F4-A696-85CC20A99F9E}.Debug|iPhoneSimulator.Build.0 = Debug|Any CPU
		{A7439E6B-2866-48F4-A696-85CC20A99F9E}.Debug|x64.ActiveCfg = Debug|Any CPU
		{A7439E6B-2866-48F4-A696-85CC20A99F9E}.Debug|x64.Build.0 = Debug|Any CPU
		{A7439E6B-2866-48F4-A696-85CC20A99F9E}.Debug|x86.ActiveCfg = Debug|Any CPU
		{A7439E6B-2866-48F4-A696-85CC20A99F9E}.Debug|x86.Build.0 = Debug|Any CPU
		{A7439E6B-2866-48F4-A696-85CC20A99F9E}.Release|Any CPU.ActiveCfg = Release|Any CPU
		{A7439E6B-2866-48F4-A696-85CC20A99F9E}.Release|Any CPU.Build.0 = Release|Any CPU
		{A7439E6B-2866-48F4-A696-85CC20A99F9E}.Release|ARM.ActiveCfg = Release|Any CPU
		{A7439E6B-2866-48F4-A696-85CC20A99F9E}.Release|ARM.Build.0 = Release|Any CPU
		{A7439E6B-2866-48F4-A696-85CC20A99F9E}.Release|Core.ActiveCfg = Release|Any CPU
		{A7439E6B-2866-48F4-A696-85CC20A99F9E}.Release|Core.Build.0 = Release|Any CPU
		{A7439E6B-2866-48F4-A696-85CC20A99F9E}.Release|iPhone.ActiveCfg = Release|Any CPU
		{A7439E6B-2866-48F4-A696-85CC20A99F9E}.Release|iPhone.Build.0 = Release|Any CPU
		{A7439E6B-2866-48F4-A696-85CC20A99F9E}.Release|iPhoneSimulator.ActiveCfg = Release|Any CPU
		{A7439E6B-2866-48F4-A696-85CC20A99F9E}.Release|iPhoneSimulator.Build.0 = Release|Any CPU
		{A7439E6B-2866-48F4-A696-85CC20A99F9E}.Release|x64.ActiveCfg = Release|Any CPU
		{A7439E6B-2866-48F4-A696-85CC20A99F9E}.Release|x64.Build.0 = Release|Any CPU
		{A7439E6B-2866-48F4-A696-85CC20A99F9E}.Release|x86.ActiveCfg = Release|Any CPU
		{A7439E6B-2866-48F4-A696-85CC20A99F9E}.Release|x86.Build.0 = Release|Any CPU
		{0C5CF1B3-1F8E-4EDD-AF0C-5D9DB6497A94}.Ad-Hoc|Any CPU.ActiveCfg = Release|Any CPU
		{0C5CF1B3-1F8E-4EDD-AF0C-5D9DB6497A94}.Ad-Hoc|Any CPU.Build.0 = Release|Any CPU
		{0C5CF1B3-1F8E-4EDD-AF0C-5D9DB6497A94}.Ad-Hoc|Any CPU.Deploy.0 = Release|Any CPU
		{0C5CF1B3-1F8E-4EDD-AF0C-5D9DB6497A94}.Ad-Hoc|ARM.ActiveCfg = Release|Any CPU
		{0C5CF1B3-1F8E-4EDD-AF0C-5D9DB6497A94}.Ad-Hoc|ARM.Build.0 = Release|Any CPU
		{0C5CF1B3-1F8E-4EDD-AF0C-5D9DB6497A94}.Ad-Hoc|ARM.Deploy.0 = Release|Any CPU
		{0C5CF1B3-1F8E-4EDD-AF0C-5D9DB6497A94}.Ad-Hoc|Core.ActiveCfg = Release|Any CPU
		{0C5CF1B3-1F8E-4EDD-AF0C-5D9DB6497A94}.Ad-Hoc|iPhone.ActiveCfg = Release|Any CPU
		{0C5CF1B3-1F8E-4EDD-AF0C-5D9DB6497A94}.Ad-Hoc|iPhoneSimulator.ActiveCfg = Release|Any CPU
		{0C5CF1B3-1F8E-4EDD-AF0C-5D9DB6497A94}.Ad-Hoc|x64.ActiveCfg = Release|Any CPU
		{0C5CF1B3-1F8E-4EDD-AF0C-5D9DB6497A94}.Ad-Hoc|x64.Build.0 = Release|Any CPU
		{0C5CF1B3-1F8E-4EDD-AF0C-5D9DB6497A94}.Ad-Hoc|x64.Deploy.0 = Release|Any CPU
		{0C5CF1B3-1F8E-4EDD-AF0C-5D9DB6497A94}.Ad-Hoc|x86.ActiveCfg = Release|Any CPU
		{0C5CF1B3-1F8E-4EDD-AF0C-5D9DB6497A94}.Ad-Hoc|x86.Build.0 = Release|Any CPU
		{0C5CF1B3-1F8E-4EDD-AF0C-5D9DB6497A94}.Ad-Hoc|x86.Deploy.0 = Release|Any CPU
		{0C5CF1B3-1F8E-4EDD-AF0C-5D9DB6497A94}.AppStore|Any CPU.ActiveCfg = Release|Any CPU
		{0C5CF1B3-1F8E-4EDD-AF0C-5D9DB6497A94}.AppStore|Any CPU.Build.0 = Release|Any CPU
		{0C5CF1B3-1F8E-4EDD-AF0C-5D9DB6497A94}.AppStore|Any CPU.Deploy.0 = Release|Any CPU
		{0C5CF1B3-1F8E-4EDD-AF0C-5D9DB6497A94}.AppStore|ARM.ActiveCfg = Release|Any CPU
		{0C5CF1B3-1F8E-4EDD-AF0C-5D9DB6497A94}.AppStore|ARM.Build.0 = Release|Any CPU
		{0C5CF1B3-1F8E-4EDD-AF0C-5D9DB6497A94}.AppStore|ARM.Deploy.0 = Release|Any CPU
		{0C5CF1B3-1F8E-4EDD-AF0C-5D9DB6497A94}.AppStore|Core.ActiveCfg = Release|Any CPU
		{0C5CF1B3-1F8E-4EDD-AF0C-5D9DB6497A94}.AppStore|iPhone.ActiveCfg = Release|Any CPU
		{0C5CF1B3-1F8E-4EDD-AF0C-5D9DB6497A94}.AppStore|iPhoneSimulator.ActiveCfg = Release|Any CPU
		{0C5CF1B3-1F8E-4EDD-AF0C-5D9DB6497A94}.AppStore|x64.ActiveCfg = Release|Any CPU
		{0C5CF1B3-1F8E-4EDD-AF0C-5D9DB6497A94}.AppStore|x64.Build.0 = Release|Any CPU
		{0C5CF1B3-1F8E-4EDD-AF0C-5D9DB6497A94}.AppStore|x64.Deploy.0 = Release|Any CPU
		{0C5CF1B3-1F8E-4EDD-AF0C-5D9DB6497A94}.AppStore|x86.ActiveCfg = Release|Any CPU
		{0C5CF1B3-1F8E-4EDD-AF0C-5D9DB6497A94}.AppStore|x86.Build.0 = Release|Any CPU
		{0C5CF1B3-1F8E-4EDD-AF0C-5D9DB6497A94}.AppStore|x86.Deploy.0 = Release|Any CPU
		{0C5CF1B3-1F8E-4EDD-AF0C-5D9DB6497A94}.Debug|Any CPU.ActiveCfg = Debug|Any CPU
		{0C5CF1B3-1F8E-4EDD-AF0C-5D9DB6497A94}.Debug|Any CPU.Build.0 = Debug|Any CPU
		{0C5CF1B3-1F8E-4EDD-AF0C-5D9DB6497A94}.Debug|Any CPU.Deploy.0 = Debug|Any CPU
		{0C5CF1B3-1F8E-4EDD-AF0C-5D9DB6497A94}.Debug|ARM.ActiveCfg = Debug|Any CPU
		{0C5CF1B3-1F8E-4EDD-AF0C-5D9DB6497A94}.Debug|ARM.Build.0 = Debug|Any CPU
		{0C5CF1B3-1F8E-4EDD-AF0C-5D9DB6497A94}.Debug|ARM.Deploy.0 = Debug|Any CPU
		{0C5CF1B3-1F8E-4EDD-AF0C-5D9DB6497A94}.Debug|Core.ActiveCfg = Debug|Any CPU
		{0C5CF1B3-1F8E-4EDD-AF0C-5D9DB6497A94}.Debug|iPhone.ActiveCfg = Debug|Any CPU
		{0C5CF1B3-1F8E-4EDD-AF0C-5D9DB6497A94}.Debug|iPhoneSimulator.ActiveCfg = Debug|Any CPU
		{0C5CF1B3-1F8E-4EDD-AF0C-5D9DB6497A94}.Debug|x64.ActiveCfg = Debug|Any CPU
		{0C5CF1B3-1F8E-4EDD-AF0C-5D9DB6497A94}.Debug|x64.Build.0 = Debug|Any CPU
		{0C5CF1B3-1F8E-4EDD-AF0C-5D9DB6497A94}.Debug|x64.Deploy.0 = Debug|Any CPU
		{0C5CF1B3-1F8E-4EDD-AF0C-5D9DB6497A94}.Debug|x86.ActiveCfg = Debug|Any CPU
		{0C5CF1B3-1F8E-4EDD-AF0C-5D9DB6497A94}.Debug|x86.Build.0 = Debug|Any CPU
		{0C5CF1B3-1F8E-4EDD-AF0C-5D9DB6497A94}.Debug|x86.Deploy.0 = Debug|Any CPU
		{0C5CF1B3-1F8E-4EDD-AF0C-5D9DB6497A94}.Release|Any CPU.ActiveCfg = Release|Any CPU
		{0C5CF1B3-1F8E-4EDD-AF0C-5D9DB6497A94}.Release|Any CPU.Build.0 = Release|Any CPU
		{0C5CF1B3-1F8E-4EDD-AF0C-5D9DB6497A94}.Release|Any CPU.Deploy.0 = Release|Any CPU
		{0C5CF1B3-1F8E-4EDD-AF0C-5D9DB6497A94}.Release|ARM.ActiveCfg = Release|Any CPU
		{0C5CF1B3-1F8E-4EDD-AF0C-5D9DB6497A94}.Release|ARM.Build.0 = Release|Any CPU
		{0C5CF1B3-1F8E-4EDD-AF0C-5D9DB6497A94}.Release|ARM.Deploy.0 = Release|Any CPU
		{0C5CF1B3-1F8E-4EDD-AF0C-5D9DB6497A94}.Release|Core.ActiveCfg = Release|Any CPU
		{0C5CF1B3-1F8E-4EDD-AF0C-5D9DB6497A94}.Release|iPhone.ActiveCfg = Release|Any CPU
		{0C5CF1B3-1F8E-4EDD-AF0C-5D9DB6497A94}.Release|iPhoneSimulator.ActiveCfg = Release|Any CPU
		{0C5CF1B3-1F8E-4EDD-AF0C-5D9DB6497A94}.Release|x64.ActiveCfg = Release|Any CPU
		{0C5CF1B3-1F8E-4EDD-AF0C-5D9DB6497A94}.Release|x64.Build.0 = Release|Any CPU
		{0C5CF1B3-1F8E-4EDD-AF0C-5D9DB6497A94}.Release|x64.Deploy.0 = Release|Any CPU
		{0C5CF1B3-1F8E-4EDD-AF0C-5D9DB6497A94}.Release|x86.ActiveCfg = Release|Any CPU
		{0C5CF1B3-1F8E-4EDD-AF0C-5D9DB6497A94}.Release|x86.Build.0 = Release|Any CPU
		{0C5CF1B3-1F8E-4EDD-AF0C-5D9DB6497A94}.Release|x86.Deploy.0 = Release|Any CPU
		{388060D8-CFA7-49C4-8DAB-FAA853603F7C}.Ad-Hoc|Any CPU.ActiveCfg = Ad-Hoc|iPhone
		{388060D8-CFA7-49C4-8DAB-FAA853603F7C}.Ad-Hoc|Any CPU.Build.0 = Ad-Hoc|iPhone
		{388060D8-CFA7-49C4-8DAB-FAA853603F7C}.Ad-Hoc|ARM.ActiveCfg = Ad-Hoc|iPhone
		{388060D8-CFA7-49C4-8DAB-FAA853603F7C}.Ad-Hoc|Core.ActiveCfg = Ad-Hoc|iPhone
		{388060D8-CFA7-49C4-8DAB-FAA853603F7C}.Ad-Hoc|iPhone.ActiveCfg = Ad-Hoc|iPhone
		{388060D8-CFA7-49C4-8DAB-FAA853603F7C}.Ad-Hoc|iPhone.Build.0 = Ad-Hoc|iPhone
		{388060D8-CFA7-49C4-8DAB-FAA853603F7C}.Ad-Hoc|iPhoneSimulator.ActiveCfg = Ad-Hoc|iPhoneSimulator
		{388060D8-CFA7-49C4-8DAB-FAA853603F7C}.Ad-Hoc|iPhoneSimulator.Build.0 = Ad-Hoc|iPhoneSimulator
		{388060D8-CFA7-49C4-8DAB-FAA853603F7C}.Ad-Hoc|x64.ActiveCfg = Ad-Hoc|iPhone
		{388060D8-CFA7-49C4-8DAB-FAA853603F7C}.Ad-Hoc|x86.ActiveCfg = Ad-Hoc|iPhone
		{388060D8-CFA7-49C4-8DAB-FAA853603F7C}.AppStore|Any CPU.ActiveCfg = AppStore|iPhone
		{388060D8-CFA7-49C4-8DAB-FAA853603F7C}.AppStore|Any CPU.Build.0 = AppStore|iPhone
		{388060D8-CFA7-49C4-8DAB-FAA853603F7C}.AppStore|ARM.ActiveCfg = AppStore|iPhone
		{388060D8-CFA7-49C4-8DAB-FAA853603F7C}.AppStore|Core.ActiveCfg = AppStore|iPhone
		{388060D8-CFA7-49C4-8DAB-FAA853603F7C}.AppStore|iPhone.ActiveCfg = AppStore|iPhone
		{388060D8-CFA7-49C4-8DAB-FAA853603F7C}.AppStore|iPhone.Build.0 = AppStore|iPhone
		{388060D8-CFA7-49C4-8DAB-FAA853603F7C}.AppStore|iPhoneSimulator.ActiveCfg = AppStore|iPhoneSimulator
		{388060D8-CFA7-49C4-8DAB-FAA853603F7C}.AppStore|iPhoneSimulator.Build.0 = AppStore|iPhoneSimulator
		{388060D8-CFA7-49C4-8DAB-FAA853603F7C}.AppStore|x64.ActiveCfg = AppStore|iPhone
		{388060D8-CFA7-49C4-8DAB-FAA853603F7C}.AppStore|x86.ActiveCfg = AppStore|iPhone
		{388060D8-CFA7-49C4-8DAB-FAA853603F7C}.Debug|Any CPU.ActiveCfg = Debug|iPhone
		{388060D8-CFA7-49C4-8DAB-FAA853603F7C}.Debug|Any CPU.Build.0 = Debug|iPhone
		{388060D8-CFA7-49C4-8DAB-FAA853603F7C}.Debug|ARM.ActiveCfg = Debug|iPhone
		{388060D8-CFA7-49C4-8DAB-FAA853603F7C}.Debug|Core.ActiveCfg = Debug|iPhone
		{388060D8-CFA7-49C4-8DAB-FAA853603F7C}.Debug|iPhone.ActiveCfg = Debug|iPhone
		{388060D8-CFA7-49C4-8DAB-FAA853603F7C}.Debug|iPhone.Build.0 = Debug|iPhone
		{388060D8-CFA7-49C4-8DAB-FAA853603F7C}.Debug|iPhoneSimulator.ActiveCfg = Debug|iPhoneSimulator
		{388060D8-CFA7-49C4-8DAB-FAA853603F7C}.Debug|iPhoneSimulator.Build.0 = Debug|iPhoneSimulator
		{388060D8-CFA7-49C4-8DAB-FAA853603F7C}.Debug|x64.ActiveCfg = Debug|iPhone
		{388060D8-CFA7-49C4-8DAB-FAA853603F7C}.Debug|x86.ActiveCfg = Debug|iPhone
		{388060D8-CFA7-49C4-8DAB-FAA853603F7C}.Release|Any CPU.ActiveCfg = Release|iPhone
		{388060D8-CFA7-49C4-8DAB-FAA853603F7C}.Release|Any CPU.Build.0 = Release|iPhone
		{388060D8-CFA7-49C4-8DAB-FAA853603F7C}.Release|ARM.ActiveCfg = Release|iPhone
		{388060D8-CFA7-49C4-8DAB-FAA853603F7C}.Release|Core.ActiveCfg = Release|iPhone
		{388060D8-CFA7-49C4-8DAB-FAA853603F7C}.Release|iPhone.ActiveCfg = Release|iPhone
		{388060D8-CFA7-49C4-8DAB-FAA853603F7C}.Release|iPhone.Build.0 = Release|iPhone
		{388060D8-CFA7-49C4-8DAB-FAA853603F7C}.Release|iPhoneSimulator.ActiveCfg = Release|iPhoneSimulator
		{388060D8-CFA7-49C4-8DAB-FAA853603F7C}.Release|iPhoneSimulator.Build.0 = Release|iPhoneSimulator
		{388060D8-CFA7-49C4-8DAB-FAA853603F7C}.Release|x64.ActiveCfg = Release|iPhone
		{388060D8-CFA7-49C4-8DAB-FAA853603F7C}.Release|x86.ActiveCfg = Release|iPhone
		{390D0A01-D55A-42EA-8513-A19C78AC524E}.Ad-Hoc|Any CPU.ActiveCfg = Ad-Hoc|iPhone
		{390D0A01-D55A-42EA-8513-A19C78AC524E}.Ad-Hoc|Any CPU.Build.0 = Ad-Hoc|iPhone
		{390D0A01-D55A-42EA-8513-A19C78AC524E}.Ad-Hoc|ARM.ActiveCfg = Ad-Hoc|iPhone
		{390D0A01-D55A-42EA-8513-A19C78AC524E}.Ad-Hoc|Core.ActiveCfg = Ad-Hoc|iPhone
		{390D0A01-D55A-42EA-8513-A19C78AC524E}.Ad-Hoc|iPhone.ActiveCfg = Ad-Hoc|iPhone
		{390D0A01-D55A-42EA-8513-A19C78AC524E}.Ad-Hoc|iPhone.Build.0 = Ad-Hoc|iPhone
		{390D0A01-D55A-42EA-8513-A19C78AC524E}.Ad-Hoc|iPhoneSimulator.ActiveCfg = Ad-Hoc|iPhoneSimulator
		{390D0A01-D55A-42EA-8513-A19C78AC524E}.Ad-Hoc|iPhoneSimulator.Build.0 = Ad-Hoc|iPhoneSimulator
		{390D0A01-D55A-42EA-8513-A19C78AC524E}.Ad-Hoc|x64.ActiveCfg = Ad-Hoc|iPhone
		{390D0A01-D55A-42EA-8513-A19C78AC524E}.Ad-Hoc|x86.ActiveCfg = Ad-Hoc|iPhone
		{390D0A01-D55A-42EA-8513-A19C78AC524E}.AppStore|Any CPU.ActiveCfg = AppStore|iPhone
		{390D0A01-D55A-42EA-8513-A19C78AC524E}.AppStore|Any CPU.Build.0 = AppStore|iPhone
		{390D0A01-D55A-42EA-8513-A19C78AC524E}.AppStore|ARM.ActiveCfg = AppStore|iPhone
		{390D0A01-D55A-42EA-8513-A19C78AC524E}.AppStore|Core.ActiveCfg = AppStore|iPhone
		{390D0A01-D55A-42EA-8513-A19C78AC524E}.AppStore|iPhone.ActiveCfg = AppStore|iPhone
		{390D0A01-D55A-42EA-8513-A19C78AC524E}.AppStore|iPhone.Build.0 = AppStore|iPhone
		{390D0A01-D55A-42EA-8513-A19C78AC524E}.AppStore|iPhoneSimulator.ActiveCfg = AppStore|iPhoneSimulator
		{390D0A01-D55A-42EA-8513-A19C78AC524E}.AppStore|iPhoneSimulator.Build.0 = AppStore|iPhoneSimulator
		{390D0A01-D55A-42EA-8513-A19C78AC524E}.AppStore|x64.ActiveCfg = AppStore|iPhone
		{390D0A01-D55A-42EA-8513-A19C78AC524E}.AppStore|x86.ActiveCfg = AppStore|iPhone
		{390D0A01-D55A-42EA-8513-A19C78AC524E}.Debug|Any CPU.ActiveCfg = Debug|iPhone
		{390D0A01-D55A-42EA-8513-A19C78AC524E}.Debug|Any CPU.Build.0 = Debug|iPhone
		{390D0A01-D55A-42EA-8513-A19C78AC524E}.Debug|ARM.ActiveCfg = Debug|iPhone
		{390D0A01-D55A-42EA-8513-A19C78AC524E}.Debug|Core.ActiveCfg = Debug|iPhone
		{390D0A01-D55A-42EA-8513-A19C78AC524E}.Debug|iPhone.ActiveCfg = Debug|iPhone
		{390D0A01-D55A-42EA-8513-A19C78AC524E}.Debug|iPhone.Build.0 = Debug|iPhone
		{390D0A01-D55A-42EA-8513-A19C78AC524E}.Debug|iPhoneSimulator.ActiveCfg = Debug|iPhoneSimulator
		{390D0A01-D55A-42EA-8513-A19C78AC524E}.Debug|iPhoneSimulator.Build.0 = Debug|iPhoneSimulator
		{390D0A01-D55A-42EA-8513-A19C78AC524E}.Debug|x64.ActiveCfg = Debug|iPhone
		{390D0A01-D55A-42EA-8513-A19C78AC524E}.Debug|x86.ActiveCfg = Debug|iPhone
		{390D0A01-D55A-42EA-8513-A19C78AC524E}.Release|Any CPU.ActiveCfg = Release|iPhone
		{390D0A01-D55A-42EA-8513-A19C78AC524E}.Release|Any CPU.Build.0 = Release|iPhone
		{390D0A01-D55A-42EA-8513-A19C78AC524E}.Release|ARM.ActiveCfg = Release|iPhone
		{390D0A01-D55A-42EA-8513-A19C78AC524E}.Release|Core.ActiveCfg = Release|iPhone
		{390D0A01-D55A-42EA-8513-A19C78AC524E}.Release|iPhone.ActiveCfg = Release|iPhone
		{390D0A01-D55A-42EA-8513-A19C78AC524E}.Release|iPhone.Build.0 = Release|iPhone
		{390D0A01-D55A-42EA-8513-A19C78AC524E}.Release|iPhoneSimulator.ActiveCfg = Release|iPhoneSimulator
		{390D0A01-D55A-42EA-8513-A19C78AC524E}.Release|iPhoneSimulator.Build.0 = Release|iPhoneSimulator
		{390D0A01-D55A-42EA-8513-A19C78AC524E}.Release|x64.ActiveCfg = Release|iPhone
		{390D0A01-D55A-42EA-8513-A19C78AC524E}.Release|x86.ActiveCfg = Release|iPhone
		{9C9D2097-B3CC-411F-B123-B9321607AEC2}.Ad-Hoc|Any CPU.ActiveCfg = Release|Any CPU
		{9C9D2097-B3CC-411F-B123-B9321607AEC2}.Ad-Hoc|Any CPU.Build.0 = Release|Any CPU
		{9C9D2097-B3CC-411F-B123-B9321607AEC2}.Ad-Hoc|Any CPU.Deploy.0 = Release|Any CPU
		{9C9D2097-B3CC-411F-B123-B9321607AEC2}.Ad-Hoc|ARM.ActiveCfg = Release|Any CPU
		{9C9D2097-B3CC-411F-B123-B9321607AEC2}.Ad-Hoc|ARM.Build.0 = Release|Any CPU
		{9C9D2097-B3CC-411F-B123-B9321607AEC2}.Ad-Hoc|ARM.Deploy.0 = Release|Any CPU
		{9C9D2097-B3CC-411F-B123-B9321607AEC2}.Ad-Hoc|Core.ActiveCfg = Release|Any CPU
		{9C9D2097-B3CC-411F-B123-B9321607AEC2}.Ad-Hoc|iPhone.ActiveCfg = Release|Any CPU
		{9C9D2097-B3CC-411F-B123-B9321607AEC2}.Ad-Hoc|iPhoneSimulator.ActiveCfg = Release|Any CPU
		{9C9D2097-B3CC-411F-B123-B9321607AEC2}.Ad-Hoc|x64.ActiveCfg = Release|Any CPU
		{9C9D2097-B3CC-411F-B123-B9321607AEC2}.Ad-Hoc|x64.Build.0 = Release|Any CPU
		{9C9D2097-B3CC-411F-B123-B9321607AEC2}.Ad-Hoc|x64.Deploy.0 = Release|Any CPU
		{9C9D2097-B3CC-411F-B123-B9321607AEC2}.Ad-Hoc|x86.ActiveCfg = Release|Any CPU
		{9C9D2097-B3CC-411F-B123-B9321607AEC2}.Ad-Hoc|x86.Build.0 = Release|Any CPU
		{9C9D2097-B3CC-411F-B123-B9321607AEC2}.Ad-Hoc|x86.Deploy.0 = Release|Any CPU
		{9C9D2097-B3CC-411F-B123-B9321607AEC2}.AppStore|Any CPU.ActiveCfg = Release|Any CPU
		{9C9D2097-B3CC-411F-B123-B9321607AEC2}.AppStore|Any CPU.Build.0 = Release|Any CPU
		{9C9D2097-B3CC-411F-B123-B9321607AEC2}.AppStore|Any CPU.Deploy.0 = Release|Any CPU
		{9C9D2097-B3CC-411F-B123-B9321607AEC2}.AppStore|ARM.ActiveCfg = Release|Any CPU
		{9C9D2097-B3CC-411F-B123-B9321607AEC2}.AppStore|ARM.Build.0 = Release|Any CPU
		{9C9D2097-B3CC-411F-B123-B9321607AEC2}.AppStore|ARM.Deploy.0 = Release|Any CPU
		{9C9D2097-B3CC-411F-B123-B9321607AEC2}.AppStore|Core.ActiveCfg = Release|Any CPU
		{9C9D2097-B3CC-411F-B123-B9321607AEC2}.AppStore|iPhone.ActiveCfg = Release|Any CPU
		{9C9D2097-B3CC-411F-B123-B9321607AEC2}.AppStore|iPhoneSimulator.ActiveCfg = Release|Any CPU
		{9C9D2097-B3CC-411F-B123-B9321607AEC2}.AppStore|x64.ActiveCfg = Release|Any CPU
		{9C9D2097-B3CC-411F-B123-B9321607AEC2}.AppStore|x64.Build.0 = Release|Any CPU
		{9C9D2097-B3CC-411F-B123-B9321607AEC2}.AppStore|x64.Deploy.0 = Release|Any CPU
		{9C9D2097-B3CC-411F-B123-B9321607AEC2}.AppStore|x86.ActiveCfg = Release|Any CPU
		{9C9D2097-B3CC-411F-B123-B9321607AEC2}.AppStore|x86.Build.0 = Release|Any CPU
		{9C9D2097-B3CC-411F-B123-B9321607AEC2}.AppStore|x86.Deploy.0 = Release|Any CPU
		{9C9D2097-B3CC-411F-B123-B9321607AEC2}.Debug|Any CPU.ActiveCfg = Debug|Any CPU
		{9C9D2097-B3CC-411F-B123-B9321607AEC2}.Debug|Any CPU.Build.0 = Debug|Any CPU
		{9C9D2097-B3CC-411F-B123-B9321607AEC2}.Debug|Any CPU.Deploy.0 = Debug|Any CPU
		{9C9D2097-B3CC-411F-B123-B9321607AEC2}.Debug|ARM.ActiveCfg = Debug|Any CPU
		{9C9D2097-B3CC-411F-B123-B9321607AEC2}.Debug|ARM.Build.0 = Debug|Any CPU
		{9C9D2097-B3CC-411F-B123-B9321607AEC2}.Debug|ARM.Deploy.0 = Debug|Any CPU
		{9C9D2097-B3CC-411F-B123-B9321607AEC2}.Debug|Core.ActiveCfg = Debug|Any CPU
		{9C9D2097-B3CC-411F-B123-B9321607AEC2}.Debug|iPhone.ActiveCfg = Debug|Any CPU
		{9C9D2097-B3CC-411F-B123-B9321607AEC2}.Debug|iPhoneSimulator.ActiveCfg = Debug|Any CPU
		{9C9D2097-B3CC-411F-B123-B9321607AEC2}.Debug|x64.ActiveCfg = Debug|Any CPU
		{9C9D2097-B3CC-411F-B123-B9321607AEC2}.Debug|x64.Build.0 = Debug|Any CPU
		{9C9D2097-B3CC-411F-B123-B9321607AEC2}.Debug|x64.Deploy.0 = Debug|Any CPU
		{9C9D2097-B3CC-411F-B123-B9321607AEC2}.Debug|x86.ActiveCfg = Debug|Any CPU
		{9C9D2097-B3CC-411F-B123-B9321607AEC2}.Debug|x86.Build.0 = Debug|Any CPU
		{9C9D2097-B3CC-411F-B123-B9321607AEC2}.Debug|x86.Deploy.0 = Debug|Any CPU
		{9C9D2097-B3CC-411F-B123-B9321607AEC2}.Release|Any CPU.ActiveCfg = Release|Any CPU
		{9C9D2097-B3CC-411F-B123-B9321607AEC2}.Release|Any CPU.Build.0 = Release|Any CPU
		{9C9D2097-B3CC-411F-B123-B9321607AEC2}.Release|Any CPU.Deploy.0 = Release|Any CPU
		{9C9D2097-B3CC-411F-B123-B9321607AEC2}.Release|ARM.ActiveCfg = Release|Any CPU
		{9C9D2097-B3CC-411F-B123-B9321607AEC2}.Release|ARM.Build.0 = Release|Any CPU
		{9C9D2097-B3CC-411F-B123-B9321607AEC2}.Release|ARM.Deploy.0 = Release|Any CPU
		{9C9D2097-B3CC-411F-B123-B9321607AEC2}.Release|Core.ActiveCfg = Release|Any CPU
		{9C9D2097-B3CC-411F-B123-B9321607AEC2}.Release|iPhone.ActiveCfg = Release|Any CPU
		{9C9D2097-B3CC-411F-B123-B9321607AEC2}.Release|iPhoneSimulator.ActiveCfg = Release|Any CPU
		{9C9D2097-B3CC-411F-B123-B9321607AEC2}.Release|x64.ActiveCfg = Release|Any CPU
		{9C9D2097-B3CC-411F-B123-B9321607AEC2}.Release|x64.Build.0 = Release|Any CPU
		{9C9D2097-B3CC-411F-B123-B9321607AEC2}.Release|x64.Deploy.0 = Release|Any CPU
		{9C9D2097-B3CC-411F-B123-B9321607AEC2}.Release|x86.ActiveCfg = Release|Any CPU
		{9C9D2097-B3CC-411F-B123-B9321607AEC2}.Release|x86.Build.0 = Release|Any CPU
		{9C9D2097-B3CC-411F-B123-B9321607AEC2}.Release|x86.Deploy.0 = Release|Any CPU
		{EB9FB050-491F-4BCF-81BC-3B7615286EBA}.Ad-Hoc|Any CPU.ActiveCfg = Release|Any CPU
		{EB9FB050-491F-4BCF-81BC-3B7615286EBA}.Ad-Hoc|Any CPU.Build.0 = Release|Any CPU
		{EB9FB050-491F-4BCF-81BC-3B7615286EBA}.Ad-Hoc|ARM.ActiveCfg = Release|Any CPU
		{EB9FB050-491F-4BCF-81BC-3B7615286EBA}.Ad-Hoc|ARM.Build.0 = Release|Any CPU
		{EB9FB050-491F-4BCF-81BC-3B7615286EBA}.Ad-Hoc|Core.ActiveCfg = Release|Any CPU
		{EB9FB050-491F-4BCF-81BC-3B7615286EBA}.Ad-Hoc|Core.Build.0 = Release|Any CPU
		{EB9FB050-491F-4BCF-81BC-3B7615286EBA}.Ad-Hoc|iPhone.ActiveCfg = Release|Any CPU
		{EB9FB050-491F-4BCF-81BC-3B7615286EBA}.Ad-Hoc|iPhone.Build.0 = Release|Any CPU
		{EB9FB050-491F-4BCF-81BC-3B7615286EBA}.Ad-Hoc|iPhoneSimulator.ActiveCfg = Release|Any CPU
		{EB9FB050-491F-4BCF-81BC-3B7615286EBA}.Ad-Hoc|iPhoneSimulator.Build.0 = Release|Any CPU
		{EB9FB050-491F-4BCF-81BC-3B7615286EBA}.Ad-Hoc|x64.ActiveCfg = Release|Any CPU
		{EB9FB050-491F-4BCF-81BC-3B7615286EBA}.Ad-Hoc|x64.Build.0 = Release|Any CPU
		{EB9FB050-491F-4BCF-81BC-3B7615286EBA}.Ad-Hoc|x86.ActiveCfg = Release|Any CPU
		{EB9FB050-491F-4BCF-81BC-3B7615286EBA}.Ad-Hoc|x86.Build.0 = Release|Any CPU
		{EB9FB050-491F-4BCF-81BC-3B7615286EBA}.AppStore|Any CPU.ActiveCfg = Release|Any CPU
		{EB9FB050-491F-4BCF-81BC-3B7615286EBA}.AppStore|Any CPU.Build.0 = Release|Any CPU
		{EB9FB050-491F-4BCF-81BC-3B7615286EBA}.AppStore|ARM.ActiveCfg = Release|Any CPU
		{EB9FB050-491F-4BCF-81BC-3B7615286EBA}.AppStore|ARM.Build.0 = Release|Any CPU
		{EB9FB050-491F-4BCF-81BC-3B7615286EBA}.AppStore|Core.ActiveCfg = Release|Any CPU
		{EB9FB050-491F-4BCF-81BC-3B7615286EBA}.AppStore|Core.Build.0 = Release|Any CPU
		{EB9FB050-491F-4BCF-81BC-3B7615286EBA}.AppStore|iPhone.ActiveCfg = Release|Any CPU
		{EB9FB050-491F-4BCF-81BC-3B7615286EBA}.AppStore|iPhone.Build.0 = Release|Any CPU
		{EB9FB050-491F-4BCF-81BC-3B7615286EBA}.AppStore|iPhoneSimulator.ActiveCfg = Release|Any CPU
		{EB9FB050-491F-4BCF-81BC-3B7615286EBA}.AppStore|iPhoneSimulator.Build.0 = Release|Any CPU
		{EB9FB050-491F-4BCF-81BC-3B7615286EBA}.AppStore|x64.ActiveCfg = Release|Any CPU
		{EB9FB050-491F-4BCF-81BC-3B7615286EBA}.AppStore|x64.Build.0 = Release|Any CPU
		{EB9FB050-491F-4BCF-81BC-3B7615286EBA}.AppStore|x86.ActiveCfg = Release|Any CPU
		{EB9FB050-491F-4BCF-81BC-3B7615286EBA}.AppStore|x86.Build.0 = Release|Any CPU
		{EB9FB050-491F-4BCF-81BC-3B7615286EBA}.Debug|Any CPU.ActiveCfg = Debug|Any CPU
		{EB9FB050-491F-4BCF-81BC-3B7615286EBA}.Debug|Any CPU.Build.0 = Debug|Any CPU
		{EB9FB050-491F-4BCF-81BC-3B7615286EBA}.Debug|ARM.ActiveCfg = Debug|Any CPU
		{EB9FB050-491F-4BCF-81BC-3B7615286EBA}.Debug|ARM.Build.0 = Debug|Any CPU
		{EB9FB050-491F-4BCF-81BC-3B7615286EBA}.Debug|Core.ActiveCfg = Debug|Any CPU
		{EB9FB050-491F-4BCF-81BC-3B7615286EBA}.Debug|Core.Build.0 = Debug|Any CPU
		{EB9FB050-491F-4BCF-81BC-3B7615286EBA}.Debug|iPhone.ActiveCfg = Debug|Any CPU
		{EB9FB050-491F-4BCF-81BC-3B7615286EBA}.Debug|iPhone.Build.0 = Debug|Any CPU
		{EB9FB050-491F-4BCF-81BC-3B7615286EBA}.Debug|iPhoneSimulator.ActiveCfg = Debug|Any CPU
		{EB9FB050-491F-4BCF-81BC-3B7615286EBA}.Debug|iPhoneSimulator.Build.0 = Debug|Any CPU
		{EB9FB050-491F-4BCF-81BC-3B7615286EBA}.Debug|x64.ActiveCfg = Debug|Any CPU
		{EB9FB050-491F-4BCF-81BC-3B7615286EBA}.Debug|x64.Build.0 = Debug|Any CPU
		{EB9FB050-491F-4BCF-81BC-3B7615286EBA}.Debug|x86.ActiveCfg = Debug|Any CPU
		{EB9FB050-491F-4BCF-81BC-3B7615286EBA}.Debug|x86.Build.0 = Debug|Any CPU
		{EB9FB050-491F-4BCF-81BC-3B7615286EBA}.Release|Any CPU.ActiveCfg = Release|Any CPU
		{EB9FB050-491F-4BCF-81BC-3B7615286EBA}.Release|Any CPU.Build.0 = Release|Any CPU
		{EB9FB050-491F-4BCF-81BC-3B7615286EBA}.Release|ARM.ActiveCfg = Release|Any CPU
		{EB9FB050-491F-4BCF-81BC-3B7615286EBA}.Release|ARM.Build.0 = Release|Any CPU
		{EB9FB050-491F-4BCF-81BC-3B7615286EBA}.Release|Core.ActiveCfg = Release|Any CPU
		{EB9FB050-491F-4BCF-81BC-3B7615286EBA}.Release|Core.Build.0 = Release|Any CPU
		{EB9FB050-491F-4BCF-81BC-3B7615286EBA}.Release|iPhone.ActiveCfg = Release|Any CPU
		{EB9FB050-491F-4BCF-81BC-3B7615286EBA}.Release|iPhone.Build.0 = Release|Any CPU
		{EB9FB050-491F-4BCF-81BC-3B7615286EBA}.Release|iPhoneSimulator.ActiveCfg = Release|Any CPU
		{EB9FB050-491F-4BCF-81BC-3B7615286EBA}.Release|iPhoneSimulator.Build.0 = Release|Any CPU
		{EB9FB050-491F-4BCF-81BC-3B7615286EBA}.Release|x64.ActiveCfg = Release|Any CPU
		{EB9FB050-491F-4BCF-81BC-3B7615286EBA}.Release|x64.Build.0 = Release|Any CPU
		{EB9FB050-491F-4BCF-81BC-3B7615286EBA}.Release|x86.ActiveCfg = Release|Any CPU
		{EB9FB050-491F-4BCF-81BC-3B7615286EBA}.Release|x86.Build.0 = Release|Any CPU
	EndGlobalSection
	GlobalSection(SolutionProperties) = preSolution
		HideSolutionNode = FALSE
	EndGlobalSection
EndGlobal
