
Microsoft Visual Studio Solution File, Format Version 12.00
# Visual Studio 15
VisualStudioVersion = 15.0.27130.2010
MinimumVisualStudioVersion = 10.0.40219.1
Project("{9A19103F-16F7-4668-BE54-9A1E7A4F7556}") = "MobileTemplate.Core", "Source\MobileTemplate.Core\MobileTemplate.Core.csproj", "{A7439E6B-2866-48F4-A696-85CC20A99F9E}"
EndProject
Project("{FAE04EC0-301F-11D3-BF4B-00C04F79EFBC}") = "MobileTemplate.Droid", "Source\MobileTemplate.Droid\MobileTemplate.Droid.csproj", "{0C5CF1B3-1F8E-4EDD-AF0C-5D9DB6497A94}"
EndProject
Project("{FAE04EC0-301F-11D3-BF4B-00C04F79EFBC}") = "MobileTemplate.iOS", "Source\MobileTemplate.iOS\MobileTemplate.iOS.csproj", "{388060D8-CFA7-49C4-8DAB-FAA853603F7C}"
EndProject
Project("{FAE04EC0-301F-11D3-BF4B-00C04F79EFBC}") = "MobileTemplate.iOS.Test", "Source\MobileTemplate.iOS.Test\MobileTemplate.iOS.Test.csproj", "{390D0A01-D55A-42EA-8513-A19C78AC524E}"
EndProject
Project("{FAE04EC0-301F-11D3-BF4B-00C04F79EFBC}") = "MobileTemplate.Droid.Test", "Source\MobileTemplate.Droid.Test\MobileTemplate.Droid.Test.csproj", "{9C9D2097-B3CC-411F-B123-B9321607AEC2}"
EndProject
Project("{9A19103F-16F7-4668-BE54-9A1E7A4F7556}") = "MobileTemplate.Core.Test", "Source\MobileTemplate.Core.Test\MobileTemplate.Core.Test.csproj", "{674BE205-DF8E-4FFE-8434-D88762FBB0D8}"
EndProject
Global
	GlobalSection(SolutionConfigurationPlatforms) = preSolution
		Ad-Hoc|Android = Ad-Hoc|Android
		Ad-Hoc|Any CPU = Ad-Hoc|Any CPU
		Ad-Hoc|Core = Ad-Hoc|Core
		Ad-Hoc|iPhone = Ad-Hoc|iPhone
		Ad-Hoc|iPhoneSimulator = Ad-Hoc|iPhoneSimulator
		AppStore|Android = AppStore|Android
		AppStore|Any CPU = AppStore|Any CPU
		AppStore|Core = AppStore|Core
		AppStore|iPhone = AppStore|iPhone
		AppStore|iPhoneSimulator = AppStore|iPhoneSimulator
		Debug|Android = Debug|Android
		Debug|Any CPU = Debug|Any CPU
		Debug|Core = Debug|Core
		Debug|iPhone = Debug|iPhone
		Debug|iPhoneSimulator = Debug|iPhoneSimulator
		Release|Android = Release|Android
		Release|Any CPU = Release|Any CPU
		Release|Core = Release|Core
		Release|iPhone = Release|iPhone
		Release|iPhoneSimulator = Release|iPhoneSimulator
	EndGlobalSection
	GlobalSection(ProjectConfigurationPlatforms) = postSolution
		{A7439E6B-2866-48F4-A696-85CC20A99F9E}.Ad-Hoc|Android.ActiveCfg = Release|Any CPU
		{A7439E6B-2866-48F4-A696-85CC20A99F9E}.Ad-Hoc|Android.Build.0 = Release|Any CPU
		{A7439E6B-2866-48F4-A696-85CC20A99F9E}.Ad-Hoc|Any CPU.ActiveCfg = Release|Any CPU
		{A7439E6B-2866-48F4-A696-85CC20A99F9E}.Ad-Hoc|Any CPU.Build.0 = Release|Any CPU
		{A7439E6B-2866-48F4-A696-85CC20A99F9E}.Ad-Hoc|Core.ActiveCfg = Release|Any CPU
		{A7439E6B-2866-48F4-A696-85CC20A99F9E}.Ad-Hoc|Core.Build.0 = Release|Any CPU
		{A7439E6B-2866-48F4-A696-85CC20A99F9E}.Ad-Hoc|iPhone.ActiveCfg = Release|Any CPU
		{A7439E6B-2866-48F4-A696-85CC20A99F9E}.Ad-Hoc|iPhone.Build.0 = Release|Any CPU
		{A7439E6B-2866-48F4-A696-85CC20A99F9E}.Ad-Hoc|iPhoneSimulator.ActiveCfg = Release|Any CPU
		{A7439E6B-2866-48F4-A696-85CC20A99F9E}.Ad-Hoc|iPhoneSimulator.Build.0 = Release|Any CPU
		{A7439E6B-2866-48F4-A696-85CC20A99F9E}.AppStore|Android.ActiveCfg = Release|Any CPU
		{A7439E6B-2866-48F4-A696-85CC20A99F9E}.AppStore|Android.Build.0 = Release|Any CPU
		{A7439E6B-2866-48F4-A696-85CC20A99F9E}.AppStore|Any CPU.ActiveCfg = Release|Any CPU
		{A7439E6B-2866-48F4-A696-85CC20A99F9E}.AppStore|Any CPU.Build.0 = Release|Any CPU
		{A7439E6B-2866-48F4-A696-85CC20A99F9E}.AppStore|Core.ActiveCfg = Release|Any CPU
		{A7439E6B-2866-48F4-A696-85CC20A99F9E}.AppStore|Core.Build.0 = Release|Any CPU
		{A7439E6B-2866-48F4-A696-85CC20A99F9E}.AppStore|iPhone.ActiveCfg = Release|Any CPU
		{A7439E6B-2866-48F4-A696-85CC20A99F9E}.AppStore|iPhone.Build.0 = Release|Any CPU
		{A7439E6B-2866-48F4-A696-85CC20A99F9E}.AppStore|iPhoneSimulator.ActiveCfg = Release|Any CPU
		{A7439E6B-2866-48F4-A696-85CC20A99F9E}.AppStore|iPhoneSimulator.Build.0 = Release|Any CPU
		{A7439E6B-2866-48F4-A696-85CC20A99F9E}.Debug|Android.ActiveCfg = Debug|Any CPU
		{A7439E6B-2866-48F4-A696-85CC20A99F9E}.Debug|Android.Build.0 = Debug|Any CPU
		{A7439E6B-2866-48F4-A696-85CC20A99F9E}.Debug|Any CPU.ActiveCfg = Debug|Any CPU
		{A7439E6B-2866-48F4-A696-85CC20A99F9E}.Debug|Any CPU.Build.0 = Debug|Any CPU
		{A7439E6B-2866-48F4-A696-85CC20A99F9E}.Debug|Core.ActiveCfg = Debug|Any CPU
		{A7439E6B-2866-48F4-A696-85CC20A99F9E}.Debug|Core.Build.0 = Debug|Any CPU
		{A7439E6B-2866-48F4-A696-85CC20A99F9E}.Debug|iPhone.ActiveCfg = Debug|Any CPU
		{A7439E6B-2866-48F4-A696-85CC20A99F9E}.Debug|iPhone.Build.0 = Debug|Any CPU
		{A7439E6B-2866-48F4-A696-85CC20A99F9E}.Debug|iPhoneSimulator.ActiveCfg = Debug|Any CPU
		{A7439E6B-2866-48F4-A696-85CC20A99F9E}.Debug|iPhoneSimulator.Build.0 = Debug|Any CPU
		{A7439E6B-2866-48F4-A696-85CC20A99F9E}.Release|Android.ActiveCfg = Release|Any CPU
		{A7439E6B-2866-48F4-A696-85CC20A99F9E}.Release|Android.Build.0 = Release|Any CPU
		{A7439E6B-2866-48F4-A696-85CC20A99F9E}.Release|Any CPU.ActiveCfg = Release|Any CPU
		{A7439E6B-2866-48F4-A696-85CC20A99F9E}.Release|Any CPU.Build.0 = Release|Any CPU
		{A7439E6B-2866-48F4-A696-85CC20A99F9E}.Release|Core.ActiveCfg = Release|Any CPU
		{A7439E6B-2866-48F4-A696-85CC20A99F9E}.Release|Core.Build.0 = Release|Any CPU
		{A7439E6B-2866-48F4-A696-85CC20A99F9E}.Release|iPhone.ActiveCfg = Release|Any CPU
		{A7439E6B-2866-48F4-A696-85CC20A99F9E}.Release|iPhone.Build.0 = Release|Any CPU
		{A7439E6B-2866-48F4-A696-85CC20A99F9E}.Release|iPhoneSimulator.ActiveCfg = Release|Any CPU
		{A7439E6B-2866-48F4-A696-85CC20A99F9E}.Release|iPhoneSimulator.Build.0 = Release|Any CPU
		{0C5CF1B3-1F8E-4EDD-AF0C-5D9DB6497A94}.Ad-Hoc|Android.ActiveCfg = Release|Any CPU
		{0C5CF1B3-1F8E-4EDD-AF0C-5D9DB6497A94}.Ad-Hoc|Android.Build.0 = Release|Any CPU
		{0C5CF1B3-1F8E-4EDD-AF0C-5D9DB6497A94}.Ad-Hoc|Android.Deploy.0 = Release|Any CPU
		{0C5CF1B3-1F8E-4EDD-AF0C-5D9DB6497A94}.Ad-Hoc|Any CPU.ActiveCfg = Release|Any CPU
		{0C5CF1B3-1F8E-4EDD-AF0C-5D9DB6497A94}.Ad-Hoc|Any CPU.Build.0 = Release|Any CPU
		{0C5CF1B3-1F8E-4EDD-AF0C-5D9DB6497A94}.Ad-Hoc|Any CPU.Deploy.0 = Release|Any CPU
		{0C5CF1B3-1F8E-4EDD-AF0C-5D9DB6497A94}.Ad-Hoc|Core.ActiveCfg = Release|Any CPU
		{0C5CF1B3-1F8E-4EDD-AF0C-5D9DB6497A94}.Ad-Hoc|iPhone.ActiveCfg = Release|Any CPU
		{0C5CF1B3-1F8E-4EDD-AF0C-5D9DB6497A94}.Ad-Hoc|iPhoneSimulator.ActiveCfg = Release|Any CPU
		{0C5CF1B3-1F8E-4EDD-AF0C-5D9DB6497A94}.AppStore|Android.ActiveCfg = Release|Any CPU
		{0C5CF1B3-1F8E-4EDD-AF0C-5D9DB6497A94}.AppStore|Android.Build.0 = Release|Any CPU
		{0C5CF1B3-1F8E-4EDD-AF0C-5D9DB6497A94}.AppStore|Android.Deploy.0 = Release|Any CPU
		{0C5CF1B3-1F8E-4EDD-AF0C-5D9DB6497A94}.AppStore|Any CPU.ActiveCfg = Release|Any CPU
		{0C5CF1B3-1F8E-4EDD-AF0C-5D9DB6497A94}.AppStore|Any CPU.Build.0 = Release|Any CPU
		{0C5CF1B3-1F8E-4EDD-AF0C-5D9DB6497A94}.AppStore|Any CPU.Deploy.0 = Release|Any CPU
		{0C5CF1B3-1F8E-4EDD-AF0C-5D9DB6497A94}.AppStore|Core.ActiveCfg = Release|Any CPU
		{0C5CF1B3-1F8E-4EDD-AF0C-5D9DB6497A94}.AppStore|iPhone.ActiveCfg = Release|Any CPU
		{0C5CF1B3-1F8E-4EDD-AF0C-5D9DB6497A94}.AppStore|iPhoneSimulator.ActiveCfg = Release|Any CPU
		{0C5CF1B3-1F8E-4EDD-AF0C-5D9DB6497A94}.Debug|Android.ActiveCfg = Debug|Any CPU
		{0C5CF1B3-1F8E-4EDD-AF0C-5D9DB6497A94}.Debug|Android.Build.0 = Debug|Any CPU
		{0C5CF1B3-1F8E-4EDD-AF0C-5D9DB6497A94}.Debug|Android.Deploy.0 = Debug|Any CPU
		{0C5CF1B3-1F8E-4EDD-AF0C-5D9DB6497A94}.Debug|Any CPU.ActiveCfg = Debug|Any CPU
		{0C5CF1B3-1F8E-4EDD-AF0C-5D9DB6497A94}.Debug|Any CPU.Build.0 = Debug|Any CPU
		{0C5CF1B3-1F8E-4EDD-AF0C-5D9DB6497A94}.Debug|Any CPU.Deploy.0 = Debug|Any CPU
		{0C5CF1B3-1F8E-4EDD-AF0C-5D9DB6497A94}.Debug|Core.ActiveCfg = Debug|Any CPU
		{0C5CF1B3-1F8E-4EDD-AF0C-5D9DB6497A94}.Debug|iPhone.ActiveCfg = Debug|Any CPU
		{0C5CF1B3-1F8E-4EDD-AF0C-5D9DB6497A94}.Debug|iPhoneSimulator.ActiveCfg = Debug|Any CPU
		{0C5CF1B3-1F8E-4EDD-AF0C-5D9DB6497A94}.Release|Android.ActiveCfg = Release|Any CPU
		{0C5CF1B3-1F8E-4EDD-AF0C-5D9DB6497A94}.Release|Android.Build.0 = Release|Any CPU
		{0C5CF1B3-1F8E-4EDD-AF0C-5D9DB6497A94}.Release|Android.Deploy.0 = Release|Any CPU
		{0C5CF1B3-1F8E-4EDD-AF0C-5D9DB6497A94}.Release|Any CPU.ActiveCfg = Release|Any CPU
		{0C5CF1B3-1F8E-4EDD-AF0C-5D9DB6497A94}.Release|Any CPU.Build.0 = Release|Any CPU
		{0C5CF1B3-1F8E-4EDD-AF0C-5D9DB6497A94}.Release|Any CPU.Deploy.0 = Release|Any CPU
		{0C5CF1B3-1F8E-4EDD-AF0C-5D9DB6497A94}.Release|Core.ActiveCfg = Release|Any CPU
		{0C5CF1B3-1F8E-4EDD-AF0C-5D9DB6497A94}.Release|iPhone.ActiveCfg = Release|Any CPU
		{0C5CF1B3-1F8E-4EDD-AF0C-5D9DB6497A94}.Release|iPhoneSimulator.ActiveCfg = Release|Any CPU
		{388060D8-CFA7-49C4-8DAB-FAA853603F7C}.Ad-Hoc|Android.ActiveCfg = Ad-Hoc|iPhone
		{388060D8-CFA7-49C4-8DAB-FAA853603F7C}.Ad-Hoc|Any CPU.ActiveCfg = Ad-Hoc|iPhone
		{388060D8-CFA7-49C4-8DAB-FAA853603F7C}.Ad-Hoc|Any CPU.Build.0 = Ad-Hoc|iPhone
		{388060D8-CFA7-49C4-8DAB-FAA853603F7C}.Ad-Hoc|Core.ActiveCfg = Ad-Hoc|iPhone
		{388060D8-CFA7-49C4-8DAB-FAA853603F7C}.Ad-Hoc|iPhone.ActiveCfg = Ad-Hoc|iPhone
		{388060D8-CFA7-49C4-8DAB-FAA853603F7C}.Ad-Hoc|iPhone.Build.0 = Ad-Hoc|iPhone
		{388060D8-CFA7-49C4-8DAB-FAA853603F7C}.Ad-Hoc|iPhoneSimulator.ActiveCfg = Ad-Hoc|iPhoneSimulator
		{388060D8-CFA7-49C4-8DAB-FAA853603F7C}.Ad-Hoc|iPhoneSimulator.Build.0 = Ad-Hoc|iPhoneSimulator
		{388060D8-CFA7-49C4-8DAB-FAA853603F7C}.AppStore|Android.ActiveCfg = AppStore|iPhone
		{388060D8-CFA7-49C4-8DAB-FAA853603F7C}.AppStore|Any CPU.ActiveCfg = AppStore|iPhone
		{388060D8-CFA7-49C4-8DAB-FAA853603F7C}.AppStore|Any CPU.Build.0 = AppStore|iPhone
		{388060D8-CFA7-49C4-8DAB-FAA853603F7C}.AppStore|Core.ActiveCfg = AppStore|iPhone
		{388060D8-CFA7-49C4-8DAB-FAA853603F7C}.AppStore|iPhone.ActiveCfg = AppStore|iPhone
		{388060D8-CFA7-49C4-8DAB-FAA853603F7C}.AppStore|iPhone.Build.0 = AppStore|iPhone
		{388060D8-CFA7-49C4-8DAB-FAA853603F7C}.AppStore|iPhoneSimulator.ActiveCfg = AppStore|iPhoneSimulator
		{388060D8-CFA7-49C4-8DAB-FAA853603F7C}.AppStore|iPhoneSimulator.Build.0 = AppStore|iPhoneSimulator
		{388060D8-CFA7-49C4-8DAB-FAA853603F7C}.Debug|Android.ActiveCfg = Debug|iPhone
		{388060D8-CFA7-49C4-8DAB-FAA853603F7C}.Debug|Any CPU.ActiveCfg = Debug|iPhone
		{388060D8-CFA7-49C4-8DAB-FAA853603F7C}.Debug|Any CPU.Build.0 = Debug|iPhone
		{388060D8-CFA7-49C4-8DAB-FAA853603F7C}.Debug|Core.ActiveCfg = Debug|iPhone
		{388060D8-CFA7-49C4-8DAB-FAA853603F7C}.Debug|iPhone.ActiveCfg = Debug|iPhone
		{388060D8-CFA7-49C4-8DAB-FAA853603F7C}.Debug|iPhone.Build.0 = Debug|iPhone
		{388060D8-CFA7-49C4-8DAB-FAA853603F7C}.Debug|iPhoneSimulator.ActiveCfg = Debug|iPhoneSimulator
		{388060D8-CFA7-49C4-8DAB-FAA853603F7C}.Debug|iPhoneSimulator.Build.0 = Debug|iPhoneSimulator
		{388060D8-CFA7-49C4-8DAB-FAA853603F7C}.Release|Android.ActiveCfg = Release|iPhone
		{388060D8-CFA7-49C4-8DAB-FAA853603F7C}.Release|Any CPU.ActiveCfg = Release|iPhone
		{388060D8-CFA7-49C4-8DAB-FAA853603F7C}.Release|Any CPU.Build.0 = Release|iPhone
		{388060D8-CFA7-49C4-8DAB-FAA853603F7C}.Release|Core.ActiveCfg = Release|iPhone
		{388060D8-CFA7-49C4-8DAB-FAA853603F7C}.Release|iPhone.ActiveCfg = Release|iPhone
		{388060D8-CFA7-49C4-8DAB-FAA853603F7C}.Release|iPhone.Build.0 = Release|iPhone
		{388060D8-CFA7-49C4-8DAB-FAA853603F7C}.Release|iPhoneSimulator.ActiveCfg = Release|iPhoneSimulator
		{388060D8-CFA7-49C4-8DAB-FAA853603F7C}.Release|iPhoneSimulator.Build.0 = Release|iPhoneSimulator
		{390D0A01-D55A-42EA-8513-A19C78AC524E}.Ad-Hoc|Android.ActiveCfg = Ad-Hoc|iPhone
		{390D0A01-D55A-42EA-8513-A19C78AC524E}.Ad-Hoc|Any CPU.ActiveCfg = Ad-Hoc|iPhone
		{390D0A01-D55A-42EA-8513-A19C78AC524E}.Ad-Hoc|Any CPU.Build.0 = Ad-Hoc|iPhone
		{390D0A01-D55A-42EA-8513-A19C78AC524E}.Ad-Hoc|Core.ActiveCfg = Ad-Hoc|iPhone
		{390D0A01-D55A-42EA-8513-A19C78AC524E}.Ad-Hoc|iPhone.ActiveCfg = Ad-Hoc|iPhone
		{390D0A01-D55A-42EA-8513-A19C78AC524E}.Ad-Hoc|iPhone.Build.0 = Ad-Hoc|iPhone
		{390D0A01-D55A-42EA-8513-A19C78AC524E}.Ad-Hoc|iPhoneSimulator.ActiveCfg = Ad-Hoc|iPhoneSimulator
		{390D0A01-D55A-42EA-8513-A19C78AC524E}.Ad-Hoc|iPhoneSimulator.Build.0 = Ad-Hoc|iPhoneSimulator
		{390D0A01-D55A-42EA-8513-A19C78AC524E}.AppStore|Android.ActiveCfg = AppStore|iPhone
		{390D0A01-D55A-42EA-8513-A19C78AC524E}.AppStore|Any CPU.ActiveCfg = AppStore|iPhone
		{390D0A01-D55A-42EA-8513-A19C78AC524E}.AppStore|Any CPU.Build.0 = AppStore|iPhone
		{390D0A01-D55A-42EA-8513-A19C78AC524E}.AppStore|Core.ActiveCfg = AppStore|iPhone
		{390D0A01-D55A-42EA-8513-A19C78AC524E}.AppStore|iPhone.ActiveCfg = AppStore|iPhone
		{390D0A01-D55A-42EA-8513-A19C78AC524E}.AppStore|iPhone.Build.0 = AppStore|iPhone
		{390D0A01-D55A-42EA-8513-A19C78AC524E}.AppStore|iPhoneSimulator.ActiveCfg = AppStore|iPhoneSimulator
		{390D0A01-D55A-42EA-8513-A19C78AC524E}.AppStore|iPhoneSimulator.Build.0 = AppStore|iPhoneSimulator
		{390D0A01-D55A-42EA-8513-A19C78AC524E}.Debug|Android.ActiveCfg = Debug|iPhone
		{390D0A01-D55A-42EA-8513-A19C78AC524E}.Debug|Any CPU.ActiveCfg = Debug|iPhone
		{390D0A01-D55A-42EA-8513-A19C78AC524E}.Debug|Any CPU.Build.0 = Debug|iPhone
		{390D0A01-D55A-42EA-8513-A19C78AC524E}.Debug|Core.ActiveCfg = Debug|iPhone
		{390D0A01-D55A-42EA-8513-A19C78AC524E}.Debug|iPhone.ActiveCfg = Debug|iPhone
		{390D0A01-D55A-42EA-8513-A19C78AC524E}.Debug|iPhone.Build.0 = Debug|iPhone
		{390D0A01-D55A-42EA-8513-A19C78AC524E}.Debug|iPhoneSimulator.ActiveCfg = Debug|iPhoneSimulator
		{390D0A01-D55A-42EA-8513-A19C78AC524E}.Debug|iPhoneSimulator.Build.0 = Debug|iPhoneSimulator
		{390D0A01-D55A-42EA-8513-A19C78AC524E}.Release|Android.ActiveCfg = Release|iPhone
		{390D0A01-D55A-42EA-8513-A19C78AC524E}.Release|Any CPU.ActiveCfg = Release|iPhone
		{390D0A01-D55A-42EA-8513-A19C78AC524E}.Release|Any CPU.Build.0 = Release|iPhone
		{390D0A01-D55A-42EA-8513-A19C78AC524E}.Release|Core.ActiveCfg = Release|iPhone
		{390D0A01-D55A-42EA-8513-A19C78AC524E}.Release|iPhone.ActiveCfg = Release|iPhone
		{390D0A01-D55A-42EA-8513-A19C78AC524E}.Release|iPhone.Build.0 = Release|iPhone
		{390D0A01-D55A-42EA-8513-A19C78AC524E}.Release|iPhoneSimulator.ActiveCfg = Release|iPhoneSimulator
		{390D0A01-D55A-42EA-8513-A19C78AC524E}.Release|iPhoneSimulator.Build.0 = Release|iPhoneSimulator
		{9C9D2097-B3CC-411F-B123-B9321607AEC2}.Ad-Hoc|Android.ActiveCfg = Release|Any CPU
		{9C9D2097-B3CC-411F-B123-B9321607AEC2}.Ad-Hoc|Android.Build.0 = Release|Any CPU
		{9C9D2097-B3CC-411F-B123-B9321607AEC2}.Ad-Hoc|Android.Deploy.0 = Release|Any CPU
		{9C9D2097-B3CC-411F-B123-B9321607AEC2}.Ad-Hoc|Any CPU.ActiveCfg = Release|Any CPU
		{9C9D2097-B3CC-411F-B123-B9321607AEC2}.Ad-Hoc|Any CPU.Build.0 = Release|Any CPU
		{9C9D2097-B3CC-411F-B123-B9321607AEC2}.Ad-Hoc|Any CPU.Deploy.0 = Release|Any CPU
		{9C9D2097-B3CC-411F-B123-B9321607AEC2}.Ad-Hoc|Core.ActiveCfg = Release|Any CPU
		{9C9D2097-B3CC-411F-B123-B9321607AEC2}.Ad-Hoc|iPhone.ActiveCfg = Release|Any CPU
		{9C9D2097-B3CC-411F-B123-B9321607AEC2}.Ad-Hoc|iPhoneSimulator.ActiveCfg = Release|Any CPU
		{9C9D2097-B3CC-411F-B123-B9321607AEC2}.AppStore|Android.ActiveCfg = Release|Any CPU
		{9C9D2097-B3CC-411F-B123-B9321607AEC2}.AppStore|Android.Build.0 = Release|Any CPU
		{9C9D2097-B3CC-411F-B123-B9321607AEC2}.AppStore|Android.Deploy.0 = Release|Any CPU
		{9C9D2097-B3CC-411F-B123-B9321607AEC2}.AppStore|Any CPU.ActiveCfg = Release|Any CPU
		{9C9D2097-B3CC-411F-B123-B9321607AEC2}.AppStore|Any CPU.Build.0 = Release|Any CPU
		{9C9D2097-B3CC-411F-B123-B9321607AEC2}.AppStore|Any CPU.Deploy.0 = Release|Any CPU
		{9C9D2097-B3CC-411F-B123-B9321607AEC2}.AppStore|Core.ActiveCfg = Release|Any CPU
		{9C9D2097-B3CC-411F-B123-B9321607AEC2}.AppStore|iPhone.ActiveCfg = Release|Any CPU
		{9C9D2097-B3CC-411F-B123-B9321607AEC2}.AppStore|iPhoneSimulator.ActiveCfg = Release|Any CPU
		{9C9D2097-B3CC-411F-B123-B9321607AEC2}.Debug|Android.ActiveCfg = Debug|Any CPU
		{9C9D2097-B3CC-411F-B123-B9321607AEC2}.Debug|Android.Build.0 = Debug|Any CPU
		{9C9D2097-B3CC-411F-B123-B9321607AEC2}.Debug|Android.Deploy.0 = Debug|Any CPU
		{9C9D2097-B3CC-411F-B123-B9321607AEC2}.Debug|Any CPU.ActiveCfg = Debug|Any CPU
		{9C9D2097-B3CC-411F-B123-B9321607AEC2}.Debug|Any CPU.Build.0 = Debug|Any CPU
		{9C9D2097-B3CC-411F-B123-B9321607AEC2}.Debug|Any CPU.Deploy.0 = Debug|Any CPU
		{9C9D2097-B3CC-411F-B123-B9321607AEC2}.Debug|Core.ActiveCfg = Debug|Any CPU
		{9C9D2097-B3CC-411F-B123-B9321607AEC2}.Debug|iPhone.ActiveCfg = Debug|Any CPU
		{9C9D2097-B3CC-411F-B123-B9321607AEC2}.Debug|iPhoneSimulator.ActiveCfg = Debug|Any CPU
		{9C9D2097-B3CC-411F-B123-B9321607AEC2}.Release|Android.ActiveCfg = Release|Any CPU
		{9C9D2097-B3CC-411F-B123-B9321607AEC2}.Release|Android.Build.0 = Release|Any CPU
		{9C9D2097-B3CC-411F-B123-B9321607AEC2}.Release|Android.Deploy.0 = Release|Any CPU
		{9C9D2097-B3CC-411F-B123-B9321607AEC2}.Release|Any CPU.ActiveCfg = Release|Any CPU
		{9C9D2097-B3CC-411F-B123-B9321607AEC2}.Release|Any CPU.Build.0 = Release|Any CPU
		{9C9D2097-B3CC-411F-B123-B9321607AEC2}.Release|Any CPU.Deploy.0 = Release|Any CPU
		{9C9D2097-B3CC-411F-B123-B9321607AEC2}.Release|Core.ActiveCfg = Release|Any CPU
		{9C9D2097-B3CC-411F-B123-B9321607AEC2}.Release|iPhone.ActiveCfg = Release|Any CPU
		{9C9D2097-B3CC-411F-B123-B9321607AEC2}.Release|iPhoneSimulator.ActiveCfg = Release|Any CPU
		{674BE205-DF8E-4FFE-8434-D88762FBB0D8}.Ad-Hoc|Android.ActiveCfg = Debug|Any CPU
		{674BE205-DF8E-4FFE-8434-D88762FBB0D8}.Ad-Hoc|Android.Build.0 = Debug|Any CPU
		{674BE205-DF8E-4FFE-8434-D88762FBB0D8}.Ad-Hoc|Any CPU.ActiveCfg = Debug|Any CPU
		{674BE205-DF8E-4FFE-8434-D88762FBB0D8}.Ad-Hoc|Any CPU.Build.0 = Debug|Any CPU
		{674BE205-DF8E-4FFE-8434-D88762FBB0D8}.Ad-Hoc|Core.ActiveCfg = Debug|Any CPU
		{674BE205-DF8E-4FFE-8434-D88762FBB0D8}.Ad-Hoc|Core.Build.0 = Debug|Any CPU
		{674BE205-DF8E-4FFE-8434-D88762FBB0D8}.Ad-Hoc|iPhone.ActiveCfg = Debug|Any CPU
		{674BE205-DF8E-4FFE-8434-D88762FBB0D8}.Ad-Hoc|iPhone.Build.0 = Debug|Any CPU
		{674BE205-DF8E-4FFE-8434-D88762FBB0D8}.Ad-Hoc|iPhoneSimulator.ActiveCfg = Debug|Any CPU
		{674BE205-DF8E-4FFE-8434-D88762FBB0D8}.Ad-Hoc|iPhoneSimulator.Build.0 = Debug|Any CPU
		{674BE205-DF8E-4FFE-8434-D88762FBB0D8}.AppStore|Android.ActiveCfg = Debug|Any CPU
		{674BE205-DF8E-4FFE-8434-D88762FBB0D8}.AppStore|Android.Build.0 = Debug|Any CPU
		{674BE205-DF8E-4FFE-8434-D88762FBB0D8}.AppStore|Any CPU.ActiveCfg = Debug|Any CPU
		{674BE205-DF8E-4FFE-8434-D88762FBB0D8}.AppStore|Any CPU.Build.0 = Debug|Any CPU
		{674BE205-DF8E-4FFE-8434-D88762FBB0D8}.AppStore|Core.ActiveCfg = Debug|Any CPU
		{674BE205-DF8E-4FFE-8434-D88762FBB0D8}.AppStore|Core.Build.0 = Debug|Any CPU
		{674BE205-DF8E-4FFE-8434-D88762FBB0D8}.AppStore|iPhone.ActiveCfg = Debug|Any CPU
		{674BE205-DF8E-4FFE-8434-D88762FBB0D8}.AppStore|iPhone.Build.0 = Debug|Any CPU
		{674BE205-DF8E-4FFE-8434-D88762FBB0D8}.AppStore|iPhoneSimulator.ActiveCfg = Debug|Any CPU
		{674BE205-DF8E-4FFE-8434-D88762FBB0D8}.AppStore|iPhoneSimulator.Build.0 = Debug|Any CPU
		{674BE205-DF8E-4FFE-8434-D88762FBB0D8}.Debug|Android.ActiveCfg = Debug|Any CPU
		{674BE205-DF8E-4FFE-8434-D88762FBB0D8}.Debug|Android.Build.0 = Debug|Any CPU
		{674BE205-DF8E-4FFE-8434-D88762FBB0D8}.Debug|Any CPU.ActiveCfg = Debug|Any CPU
		{674BE205-DF8E-4FFE-8434-D88762FBB0D8}.Debug|Any CPU.Build.0 = Debug|Any CPU
		{674BE205-DF8E-4FFE-8434-D88762FBB0D8}.Debug|Core.ActiveCfg = Debug|Any CPU
		{674BE205-DF8E-4FFE-8434-D88762FBB0D8}.Debug|Core.Build.0 = Debug|Any CPU
		{674BE205-DF8E-4FFE-8434-D88762FBB0D8}.Debug|iPhone.ActiveCfg = Debug|Any CPU
		{674BE205-DF8E-4FFE-8434-D88762FBB0D8}.Debug|iPhone.Build.0 = Debug|Any CPU
		{674BE205-DF8E-4FFE-8434-D88762FBB0D8}.Debug|iPhoneSimulator.ActiveCfg = Debug|Any CPU
		{674BE205-DF8E-4FFE-8434-D88762FBB0D8}.Debug|iPhoneSimulator.Build.0 = Debug|Any CPU
		{674BE205-DF8E-4FFE-8434-D88762FBB0D8}.Release|Android.ActiveCfg = Release|Any CPU
		{674BE205-DF8E-4FFE-8434-D88762FBB0D8}.Release|Android.Build.0 = Release|Any CPU
		{674BE205-DF8E-4FFE-8434-D88762FBB0D8}.Release|Any CPU.ActiveCfg = Release|Any CPU
		{674BE205-DF8E-4FFE-8434-D88762FBB0D8}.Release|Any CPU.Build.0 = Release|Any CPU
		{674BE205-DF8E-4FFE-8434-D88762FBB0D8}.Release|Core.ActiveCfg = Release|Any CPU
		{674BE205-DF8E-4FFE-8434-D88762FBB0D8}.Release|Core.Build.0 = Release|Any CPU
		{674BE205-DF8E-4FFE-8434-D88762FBB0D8}.Release|iPhone.ActiveCfg = Release|Any CPU
		{674BE205-DF8E-4FFE-8434-D88762FBB0D8}.Release|iPhone.Build.0 = Release|Any CPU
		{674BE205-DF8E-4FFE-8434-D88762FBB0D8}.Release|iPhoneSimulator.ActiveCfg = Release|Any CPU
		{674BE205-DF8E-4FFE-8434-D88762FBB0D8}.Release|iPhoneSimulator.Build.0 = Release|Any CPU
	EndGlobalSection
	GlobalSection(SolutionProperties) = preSolution
		HideSolutionNode = FALSE
	EndGlobalSection
	GlobalSection(ExtensibilityGlobals) = postSolution
		SolutionGuid = {81118195-98D2-4931-9FA9-D28DECB00911}
	EndGlobalSection
EndGlobal
